{
  "version": 4,
  "terraform_version": "1.12.0",
  "serial": 530,
  "lineage": "af18c66d-ce31-03c0-6117-962be2494654",
  "outputs": {
    "gitlab_root_password_message": {
      "value": "Voici le mot de passe root GitLab : pz8M3bms0njkKa6xcV3AL9yqMd77N3cBSzoh6CjJk4o=",
      "type": "string"
    },
    "keycloak_mdp_password_message": {
      "value": "Les identifiants pour se connecter à Keycloak sont admin/admin",
      "type": "string"
    }
  },
  "resources": [
    {
      "mode": "data",
      "type": "external",
      "name": "gitlab_root_pwd",
      "provider": "provider[\"registry.terraform.io/hashicorp/external\"]",
      "instances": [
        {
          "schema_version": 0,
          "attributes": {
            "id": "-",
            "program": [
              "bash",
              "./scripts/get_gitlab_password.sh",
              "gitlab"
            ],
            "query": null,
            "result": {
              "result": "pz8M3bms0njkKa6xcV3AL9yqMd77N3cBSzoh6CjJk4o="
            },
            "working_dir": null
          },
          "sensitive_attributes": [],
          "identity_schema_version": 0
        }
      ]
    },
    {
      "mode": "managed",
      "type": "docker_container",
      "name": "gitlab",
      "provider": "provider[\"registry.terraform.io/kreuzwerker/docker\"]",
      "instances": [
        {
          "schema_version": 2,
          "attributes": {
            "attach": false,
            "bridge": "",
            "capabilities": [],
            "cgroupns_mode": null,
            "command": [
              "/assets/init-container"
            ],
            "container_logs": null,
            "container_read_refresh_timeout_milliseconds": 15000,
            "cpu_set": "",
            "cpu_shares": 0,
            "destroy_grace_seconds": null,
            "devices": [],
            "dns": null,
            "dns_opts": null,
            "dns_search": null,
            "domainname": "",
            "entrypoint": [],
            "env": [],
            "exit_code": null,
            "gpus": null,
            "group_add": null,
            "healthcheck": [
              {
                "interval": "1m0s",
                "retries": 5,
                "start_period": "0s",
                "test": [
                  "CMD-SHELL",
                  "/opt/gitlab/bin/gitlab-healthcheck --fail --max-time 10"
                ],
                "timeout": "30s"
              }
            ],
            "host": [],
            "hostname": "3abf8edfdebf",
            "id": "3abf8edfdebff8cd615c5f249d0c2f2daa12ad561cf8b6498c16f3c850523094",
            "image": "sha256:a580b378c36636cac4d901e4ba31c9a8a136770efaaf20a6fbe89e39ea1a485b",
            "init": false,
            "ipc_mode": "private",
            "labels": [],
            "log_driver": "json-file",
            "log_opts": null,
            "logs": false,
            "max_retry_count": 0,
            "memory": 0,
            "memory_swap": 0,
            "mounts": [],
            "must_run": true,
            "name": "gitlab",
            "network_data": [
              {
                "gateway": "172.19.0.1",
                "global_ipv6_address": "",
                "global_ipv6_prefix_length": 0,
                "ip_address": "172.19.0.3",
                "ip_prefix_length": 16,
                "ipv6_gateway": "",
                "mac_address": "56:10:59:56:cb:52",
                "network_name": "reseau_lab"
              }
            ],
            "network_mode": "bridge",
            "networks_advanced": [
              {
                "aliases": [],
                "ipv4_address": "",
                "ipv6_address": "",
                "name": "reseau_lab"
              }
            ],
            "pid_mode": "",
            "ports": [
              {
                "external": 2222,
                "internal": 22,
                "ip": "0.0.0.0",
                "protocol": "tcp"
              },
              {
                "external": 80,
                "internal": 80,
                "ip": "0.0.0.0",
                "protocol": "tcp"
              }
            ],
            "privileged": false,
            "publish_all_ports": false,
            "read_only": false,
            "remove_volumes": true,
            "restart": "no",
            "rm": false,
            "runtime": "runc",
            "security_opts": [],
            "shm_size": 64,
            "start": true,
            "stdin_open": false,
            "stop_signal": "",
            "stop_timeout": 0,
            "storage_opts": null,
            "sysctls": null,
            "tmpfs": null,
            "tty": false,
            "ulimit": [],
            "upload": [],
            "user": "",
            "userns_mode": "",
            "volumes": [],
            "wait": false,
            "wait_timeout": 60,
            "working_dir": ""
          },
          "sensitive_attributes": [],
          "identity_schema_version": 0,
          "private": "eyJzY2hlbWFfdmVyc2lvbiI6IjIifQ==",
          "dependencies": [
            "docker_image.gitlab",
            "docker_network.reseau_lab"
          ]
        }
      ]
    },
    {
      "mode": "managed",
      "type": "docker_container",
      "name": "keycloak",
      "provider": "provider[\"registry.terraform.io/kreuzwerker/docker\"]",
      "instances": [
        {
          "schema_version": 2,
          "attributes": {
            "attach": false,
            "bridge": "",
            "capabilities": [],
            "cgroupns_mode": null,
            "command": [
              "start"
            ],
            "container_logs": null,
            "container_read_refresh_timeout_milliseconds": 15000,
            "cpu_set": "",
            "cpu_shares": 0,
            "destroy_grace_seconds": null,
            "devices": [],
            "dns": null,
            "dns_opts": null,
            "dns_search": null,
            "domainname": "",
            "entrypoint": [
              "/opt/keycloak/bin/kc.sh"
            ],
            "env": [
              "KC_DB=postgres",
              "KC_DB_PASSWORD=keycloak",
              "KC_DB_URL=jdbc:postgresql://keycloak-db:5432/keycloak",
              "KC_DB_USERNAME=keycloak",
              "KC_HOSTNAME_STRICT=false",
              "KC_PROXY=edge",
              "KEYCLOAK_ADMIN=admin",
              "KEYCLOAK_ADMIN_PASSWORD=admin"
            ],
            "exit_code": null,
            "gpus": null,
            "group_add": null,
            "healthcheck": null,
            "host": [],
            "hostname": "9793c40953f8",
            "id": "9793c40953f8c440e9b0990e06669430d5c7fbe3f1d7d577ea210c40bc91f642",
            "image": "sha256:4d6f22991266b4c4b0b1924f5f91a4e6197e33100e5eac504a490ae78495c7e0",
            "init": false,
            "ipc_mode": "private",
            "labels": [],
            "log_driver": "json-file",
            "log_opts": null,
            "logs": false,
            "max_retry_count": 0,
            "memory": 0,
            "memory_swap": 0,
            "mounts": [],
            "must_run": true,
            "name": "keycloak",
            "network_data": [
              {
                "gateway": "172.19.0.1",
                "global_ipv6_address": "",
                "global_ipv6_prefix_length": 0,
                "ip_address": "172.19.0.4",
                "ip_prefix_length": 16,
                "ipv6_gateway": "",
                "mac_address": "c2:b3:f6:b6:c4:f1",
                "network_name": "reseau_lab"
              }
            ],
            "network_mode": "bridge",
            "networks_advanced": [
              {
                "aliases": [],
                "ipv4_address": "",
                "ipv6_address": "",
                "name": "reseau_lab"
              }
            ],
            "pid_mode": "",
            "ports": [
              {
                "external": 8080,
                "internal": 8080,
                "ip": "0.0.0.0",
                "protocol": "tcp"
              }
            ],
            "privileged": false,
            "publish_all_ports": false,
            "read_only": false,
            "remove_volumes": true,
            "restart": "unless-stopped",
            "rm": false,
            "runtime": "runc",
            "security_opts": [],
            "shm_size": 64,
            "start": true,
            "stdin_open": false,
            "stop_signal": "",
            "stop_timeout": 0,
            "storage_opts": null,
            "sysctls": null,
            "tmpfs": null,
            "tty": false,
            "ulimit": [],
            "upload": [],
            "user": "1000",
            "userns_mode": "",
            "volumes": [],
            "wait": false,
            "wait_timeout": 60,
            "working_dir": ""
          },
          "sensitive_attributes": [],
          "identity_schema_version": 0,
          "private": "eyJzY2hlbWFfdmVyc2lvbiI6IjIifQ==",
          "dependencies": [
            "docker_container.keycloak_db",
            "docker_image.keycloak",
            "docker_image.postgres",
            "docker_network.reseau_lab"
          ]
        }
      ]
    },
    {
      "mode": "managed",
      "type": "docker_container",
      "name": "keycloak_db",
      "provider": "provider[\"registry.terraform.io/kreuzwerker/docker\"]",
      "instances": [
        {
          "schema_version": 2,
          "attributes": {
            "attach": false,
            "bridge": "",
            "capabilities": [],
            "cgroupns_mode": null,
            "command": [
              "postgres"
            ],
            "container_logs": null,
            "container_read_refresh_timeout_milliseconds": 15000,
            "cpu_set": "",
            "cpu_shares": 0,
            "destroy_grace_seconds": null,
            "devices": [],
            "dns": null,
            "dns_opts": null,
            "dns_search": null,
            "domainname": "",
            "entrypoint": [
              "docker-entrypoint.sh"
            ],
            "env": [
              "POSTGRES_DB=keycloak",
              "POSTGRES_PASSWORD=keycloak",
              "POSTGRES_USER=keycloak"
            ],
            "exit_code": null,
            "gpus": null,
            "group_add": null,
            "healthcheck": null,
            "host": [],
            "hostname": "1522da5c35ab",
            "id": "1522da5c35ab1e3f4b23ee0ef8f76314878900c5e30bb7a1fbf00541d0fd8903",
            "image": "sha256:47053cd4ee3f096afc744e53e3280de7b29b3670d2f2196c2acc0c6470923c99",
            "init": false,
            "ipc_mode": "private",
            "labels": [],
            "log_driver": "json-file",
            "log_opts": null,
            "logs": false,
            "max_retry_count": 0,
            "memory": 0,
            "memory_swap": 0,
            "mounts": [],
            "must_run": true,
            "name": "keycloak-db",
            "network_data": [
              {
                "gateway": "172.19.0.1",
                "global_ipv6_address": "",
                "global_ipv6_prefix_length": 0,
                "ip_address": "172.19.0.2",
                "ip_prefix_length": 16,
                "ipv6_gateway": "",
                "mac_address": "b2:4c:52:43:39:dd",
                "network_name": "reseau_lab"
              }
            ],
            "network_mode": "bridge",
            "networks_advanced": [
              {
                "aliases": [],
                "ipv4_address": "",
                "ipv6_address": "",
                "name": "reseau_lab"
              }
            ],
            "pid_mode": "",
            "ports": [
              {
                "external": 5432,
                "internal": 5432,
                "ip": "0.0.0.0",
                "protocol": "tcp"
              }
            ],
            "privileged": false,
            "publish_all_ports": false,
            "read_only": false,
            "remove_volumes": true,
            "restart": "no",
            "rm": false,
            "runtime": "runc",
            "security_opts": [],
            "shm_size": 64,
            "start": true,
            "stdin_open": false,
            "stop_signal": "SIGINT",
            "stop_timeout": 0,
            "storage_opts": null,
            "sysctls": null,
            "tmpfs": null,
            "tty": false,
            "ulimit": [],
            "upload": [],
            "user": "",
            "userns_mode": "",
            "volumes": [],
            "wait": false,
            "wait_timeout": 60,
            "working_dir": ""
          },
          "sensitive_attributes": [],
          "identity_schema_version": 0,
          "private": "eyJzY2hlbWFfdmVyc2lvbiI6IjIifQ==",
          "dependencies": [
            "docker_image.postgres",
            "docker_network.reseau_lab"
          ]
        }
      ]
    },
    {
      "mode": "managed",
      "type": "docker_container",
      "name": "nginx",
      "provider": "provider[\"registry.terraform.io/kreuzwerker/docker\"]",
      "instances": [
        {
          "schema_version": 2,
          "attributes": {
            "attach": false,
            "bridge": "",
            "capabilities": [],
            "cgroupns_mode": null,
            "command": [
              "nginx",
              "-g",
              "daemon off;"
            ],
            "container_logs": null,
            "container_read_refresh_timeout_milliseconds": 15000,
            "cpu_set": "",
            "cpu_shares": 0,
            "destroy_grace_seconds": null,
            "devices": [],
            "dns": null,
            "dns_opts": null,
            "dns_search": null,
            "domainname": "",
            "entrypoint": [
              "/docker-entrypoint.sh"
            ],
            "env": [],
            "exit_code": null,
            "gpus": null,
            "group_add": null,
            "healthcheck": null,
            "host": [],
            "hostname": "501e04854db3",
            "id": "501e04854db3cd1352e99876484b28b3e12fcf05f620e66eaeca154dd9098b47",
            "image": "sha256:eaa7e36decc3421fc04478c586dfea0d931cebe47d5bc0b15d758a32ba51126f",
            "init": false,
            "ipc_mode": "private",
            "labels": [],
            "log_driver": "json-file",
            "log_opts": null,
            "logs": false,
            "max_retry_count": 0,
            "memory": 0,
            "memory_swap": 0,
            "mounts": [
              {
                "bind_options": [],
                "read_only": true,
                "source": "/mnt/c/Users/anais/OneDrive/Bureau/Projets_pro/SSO_wicth_Docker/LAB-SSO_with_Docker/Terraform/certs",
                "target": "/etc/nginx/certs",
                "tmpfs_options": [],
                "type": "bind",
                "volume_options": []
              },
              {
                "bind_options": [],
                "read_only": true,
                "source": "/mnt/c/Users/anais/OneDrive/Bureau/Projets_pro/SSO_wicth_Docker/LAB-SSO_with_Docker/Terraform/nginx.conf",
                "target": "/etc/nginx/nginx.conf",
                "tmpfs_options": [],
                "type": "bind",
                "volume_options": []
              }
            ],
            "must_run": true,
            "name": "nginx",
            "network_data": [
              {
                "gateway": "172.19.0.1",
                "global_ipv6_address": "",
                "global_ipv6_prefix_length": 0,
                "ip_address": "172.19.0.2",
                "ip_prefix_length": 16,
                "ipv6_gateway": "",
                "mac_address": "6e:3d:13:f5:b7:e0",
                "network_name": "reseau_lab"
              }
            ],
            "network_mode": "bridge",
            "networks_advanced": [
              {
                "aliases": [],
                "ipv4_address": "",
                "ipv6_address": "",
                "name": "reseau_lab"
              }
            ],
            "pid_mode": "",
            "ports": [
              {
                "external": 443,
                "internal": 443,
                "ip": "0.0.0.0",
                "protocol": "tcp"
              }
            ],
            "privileged": false,
            "publish_all_ports": false,
            "read_only": false,
            "remove_volumes": true,
            "restart": "always",
            "rm": false,
            "runtime": "runc",
            "security_opts": [],
            "shm_size": 64,
            "start": true,
            "stdin_open": false,
            "stop_signal": "SIGQUIT",
            "stop_timeout": 0,
            "storage_opts": null,
            "sysctls": null,
            "tmpfs": null,
            "tty": false,
            "ulimit": [],
            "upload": [],
            "user": "",
            "userns_mode": "",
            "volumes": [],
            "wait": false,
            "wait_timeout": 60,
            "working_dir": ""
          },
          "sensitive_attributes": [],
          "identity_schema_version": 0,
          "private": "eyJzY2hlbWFfdmVyc2lvbiI6IjIifQ==",
          "dependencies": [
            "docker_network.reseau_lab"
          ]
        }
      ]
    },
    {
      "mode": "managed",
      "type": "docker_image",
      "name": "gitlab",
      "provider": "provider[\"registry.terraform.io/kreuzwerker/docker\"]",
      "instances": [
        {
          "schema_version": 0,
          "attributes": {
            "build": [],
            "force_remove": null,
            "id": "sha256:a580b378c36636cac4d901e4ba31c9a8a136770efaaf20a6fbe89e39ea1a485bgitlab/gitlab-ce:latest",
            "image_id": "sha256:a580b378c36636cac4d901e4ba31c9a8a136770efaaf20a6fbe89e39ea1a485b",
            "keep_locally": false,
            "name": "gitlab/gitlab-ce:latest",
            "platform": null,
            "pull_triggers": null,
            "repo_digest": "gitlab/gitlab-ce@sha256:a580b378c36636cac4d901e4ba31c9a8a136770efaaf20a6fbe89e39ea1a485b",
            "triggers": null
          },
          "sensitive_attributes": [],
          "identity_schema_version": 0,
          "private": "bnVsbA=="
        }
      ]
    },
    {
      "mode": "managed",
      "type": "docker_image",
      "name": "keycloak",
      "provider": "provider[\"registry.terraform.io/kreuzwerker/docker\"]",
      "instances": [
        {
          "schema_version": 0,
          "attributes": {
            "build": [],
            "force_remove": null,
            "id": "sha256:4d6f22991266b4c4b0b1924f5f91a4e6197e33100e5eac504a490ae78495c7e0quay.io/keycloak/keycloak:24.0.3",
            "image_id": "sha256:4d6f22991266b4c4b0b1924f5f91a4e6197e33100e5eac504a490ae78495c7e0",
            "keep_locally": null,
            "name": "quay.io/keycloak/keycloak:24.0.3",
            "platform": null,
            "pull_triggers": null,
            "repo_digest": "quay.io/keycloak/keycloak@sha256:4d6f22991266b4c4b0b1924f5f91a4e6197e33100e5eac504a490ae78495c7e0",
            "triggers": null
          },
          "sensitive_attributes": [],
          "identity_schema_version": 0,
          "private": "bnVsbA=="
        }
      ]
    },
    {
      "mode": "managed",
      "type": "docker_image",
      "name": "postgres",
      "provider": "provider[\"registry.terraform.io/kreuzwerker/docker\"]",
      "instances": [
        {
          "schema_version": 0,
          "attributes": {
            "build": [],
            "force_remove": null,
            "id": "sha256:47053cd4ee3f096afc744e53e3280de7b29b3670d2f2196c2acc0c6470923c99postgres:16",
            "image_id": "sha256:47053cd4ee3f096afc744e53e3280de7b29b3670d2f2196c2acc0c6470923c99",
            "keep_locally": null,
            "name": "postgres:16",
            "platform": null,
            "pull_triggers": null,
            "repo_digest": "postgres@sha256:47053cd4ee3f096afc744e53e3280de7b29b3670d2f2196c2acc0c6470923c99",
            "triggers": null
          },
          "sensitive_attributes": [],
          "identity_schema_version": 0,
          "private": "bnVsbA=="
        }
      ]
    },
    {
      "mode": "managed",
      "type": "docker_network",
      "name": "reseau_lab",
      "provider": "provider[\"registry.terraform.io/kreuzwerker/docker\"]",
      "instances": [
        {
          "schema_version": 1,
          "attributes": {
            "attachable": false,
            "check_duplicate": null,
            "driver": "bridge",
            "id": "d5794ac0311c1a42cef2c51cbbb3621843e60972ddfa5c311fa9b73b865e1db4",
            "ingress": false,
            "internal": false,
            "ipam_config": [
              {
                "aux_address": {},
                "gateway": "172.19.0.1",
                "ip_range": "",
                "subnet": "172.19.0.0/16"
              }
            ],
            "ipam_driver": "default",
            "ipam_options": null,
            "ipv6": false,
            "labels": [],
            "name": "reseau_lab",
            "options": {
              "com.docker.network.enable_ipv4": "true",
              "com.docker.network.enable_ipv6": "false"
            },
            "scope": "local"
          },
          "sensitive_attributes": [],
          "identity_schema_version": 0,
          "private": "eyJzY2hlbWFfdmVyc2lvbiI6IjEifQ=="
        }
      ]
    },
    {
      "mode": "managed",
      "type": "local_file",
      "name": "private_key",
      "provider": "provider[\"registry.terraform.io/hashicorp/local\"]",
      "instances": [
        {
          "schema_version": 0,
          "attributes": {
            "content": "-----BEGIN RSA PRIVATE KEY-----\nMIIEogIBAAKCAQEApYrMUN4C+I8u38S3FGOg0sOMwWmYSiVQmUq0IIffqEdpsZbz\nSeBLbB5MgCL7qKUgwqyTbxSWWdP/epoazx4bO0oOUixlG2j33QIYdjFxWR+mdEQ7\nJTnmRdQESY5lU+lQmTqaxJDLy7iPV/DSKNVE4sWM8TPxJqDSFzE6fKj3ZJhx5pxv\nubjtISFQDi2du+f5gfxpKi+PkR8/KPM4yPl/61DCaJJMLj1knUO0k+C54m3oH0zh\nUdQl3/zmx3eDu+QuWurG7Lyu8x7ahAoWww2D3q9ndWwrGlfBcHvqzuvA0FoSB8EZ\n1bmNnIWHnTN72RyGm4kRRxALKyrfM/NLXnAQWwIDAQABAoIBAB1ESTQA1DCii8x2\n6FE7/epVNTTamNh++V1olijsLLABFCAYCmIku+DdCHRc+vYJX53bSeOJFb3C27eO\nuC+m6HSWdqqze5qZd7zEipOW0S3LCTAkAfrmXh45ShrBCIwJwzyb3lHjMYyOUBVh\nl54telTHTVA1eSx1oT8FbowsiTRo8GnnwV2V5LS4DotkP4Z0+357jGX7M4ras9Q3\nw8ljsw9PUluW4N7No6LmqojUBOziYSrmz2bLUowEK1q2rH0LjoEHH+cDDE4ipxlu\nf60p0Dx3sq0zZmLkXhAdZo73YVAom/EDMRw1SWjITrEWJ+Bl8qEWW/DM3IZvbwIi\nIuxqi+UCgYEAyv9IQRlQlW7wKONgXF+QKGVpDN2lt34MHJvjS02/llsundevY7tF\n8Po0V4Fd9gDtiSTJTrSVLnein4rYtjb9wZ72zEcmeiU2gUOi+ZrcbRZjfZJKvr72\nCImVpp2NFDLp6BdwJ+Ehnp1HMKV6Z+GrrjMWcPJbkQkCUpXrw/dk4zcCgYEA0MPz\nltnIIKqyM8MmMDBJPEWG9P6hYqmDEtftjy2H1JKnn8dmVs7Y3OrOSP0FxRv34UaW\nICOv6Cp17sAMxkzmb0jFSJUxjtjeFJn+mopsx61gKQOTLQFLzisg71orQ8wGx/I2\noK6wLg3BQyatciqBZ5pTpiCQ4BgEkcC51OuoFf0CgYB61EL9GPs4oFry8rowyqYo\nu0v4O/l08PEVMoIy44WEzgGEAqkemId2i362YBHhs6gHLtocJIqMBlnBXbtJbjbX\nPH+rFXZDvFahmrJ3g+vSmhRzO9y8VEH84ntJyNU/npsIE36Kst+r4RDdb5OEXfmK\nu2Dd0Nf1B1V/cTWqavyBuwKBgGnXDoYqP4YgRFxt0cyYjmiaL0PCXHuyyRsikfQG\n91hUSdt9smrMT7Ig8Rib/vLhrRhvOulsbmBcNpIml9NpZWKCGFMmIIv1cxIqyKP9\nDg1l3tysTU+B2rbZssbmhgzHQaDZMczhA701iAfNch3xYs3ttf8Bf7G9O4PRm+VQ\n3FTZAoGASa3ZfsiLNcmm6mjpo4r2gJVqVXVkYd75PqtVJTNFeoW7DatIoC+QTJsD\norhf4fQYgX1sOu3J9M6j0Xrwa/QZuPfy/D3XKDwVY+xKndQZLxcgKUt6TEdegt5i\nKZcrhvAZnDNtx5zwXUKcrf/6gY0Zp0lsTDRhb1hAEsYCsudBX94=\n-----END RSA PRIVATE KEY-----\n",
            "content_base64": null,
            "content_base64sha256": "8AGJ6H20eUtyQypdxR75qqdjzvan2/vD0R5RVil9oC8=",
            "content_base64sha512": "D+RP5AqwBUGYCc92TxZu+5fcpZFLUqGYxL5qC48I98SSI41U/14mtcRKq4HU+HbcklizRYXi30FKlwEc+tdc4Q==",
            "content_md5": "33ec8a15f36d3b7044f89d9aa9ad1df5",
            "content_sha1": "4f4f3e7c6d856df56572e5eca34db30be4b8ad9f",
            "content_sha256": "f00189e87db4794b72432a5dc51ef9aaa763cef6a7dbfbc3d11e5156297da02f",
            "content_sha512": "0fe44fe40ab005419809cf764f166efb97dca5914b52a198c4be6a0b8f08f7c492238d54ff5e26b5c44aab81d4f876dc9258b34585e2df414a97011cfad75ce1",
            "directory_permission": "0777",
            "file_permission": "0600",
            "filename": "./certs/ansible_key",
            "id": "4f4f3e7c6d856df56572e5eca34db30be4b8ad9f",
            "sensitive_content": null,
            "source": null
          },
          "sensitive_attributes": [
            [
              {
                "type": "get_attr",
                "value": "content"
              }
            ],
            [
              {
                "type": "get_attr",
                "value": "sensitive_content"
              }
            ]
          ],
          "identity_schema_version": 0,
          "dependencies": [
            "tls_private_key.ansible_key"
          ]
        }
      ]
    },
    {
      "mode": "managed",
      "type": "local_file",
      "name": "public_key",
      "provider": "provider[\"registry.terraform.io/hashicorp/local\"]",
      "instances": [
        {
          "schema_version": 0,
          "attributes": {
            "content": "ssh-rsa AAAAB3NzaC1yc2EAAAADAQABAAABAQClisxQ3gL4jy7fxLcUY6DSw4zBaZhKJVCZSrQgh9+oR2mxlvNJ4EtsHkyAIvuopSDCrJNvFJZZ0/96mhrPHhs7Sg5SLGUbaPfdAhh2MXFZH6Z0RDslOeZF1ARJjmVT6VCZOprEkMvLuI9X8NIo1UTixYzxM/EmoNIXMTp8qPdkmHHmnG+5uO0hIVAOLZ275/mB/GkqL4+RHz8o8zjI+X/rUMJokkwuPWSdQ7ST4LnibegfTOFR1CXf/ObHd4O75C5a6sbsvK7zHtqEChbDDYPer2d1bCsaV8Fwe+rO68DQWhIHwRnVuY2chYedM3vZHIabiRFHEAsrKt8z80tecBBb\n",
            "content_base64": null,
            "content_base64sha256": "9b61uhL+8V+nJtAn5ifwoKUm73TYAmb/2cyPzuUQKTs=",
            "content_base64sha512": "ZlLJ0YkSoSLH7T+I+Br1KSyBWK94qG4cKTe1VG2H3ngkZPNQLqt1eYB5pp+iiRnLvrtO+ZxWwlNfb85ZQDp7eA==",
            "content_md5": "25bfcf302619a0b0d96fef3e8a0448cb",
            "content_sha1": "112eff1d0eb5f6390188c299986a06f78c7b741c",
            "content_sha256": "f5beb5ba12fef15fa726d027e627f0a0a526ef74d80266ffd9cc8fcee510293b",
            "content_sha512": "6652c9d18912a122c7ed3f88f81af5292c8158af78a86e1c2937b5546d87de782464f3502eab75798079a69fa28919cbbebb4ef99c56c2535f6fce59403a7b78",
            "directory_permission": "0777",
            "file_permission": "0777",
            "filename": "./certs/ansible_key.pub",
            "id": "112eff1d0eb5f6390188c299986a06f78c7b741c",
            "sensitive_content": null,
            "source": null
          },
          "sensitive_attributes": [
            [
              {
                "type": "get_attr",
                "value": "sensitive_content"
              }
            ]
          ],
          "identity_schema_version": 0,
          "dependencies": [
            "tls_private_key.ansible_key"
          ]
        }
      ]
    },
    {
      "mode": "managed",
      "type": "local_file",
      "name": "tls_cert",
      "provider": "provider[\"registry.terraform.io/hashicorp/local\"]",
      "instances": [
        {
          "schema_version": 0,
          "attributes": {
            "content": "-----BEGIN CERTIFICATE-----\nMIIDHDCCAgSgAwIBAgIQdUTrYIlsa97P69ufB/tldDANBgkqhkiG9w0BAQsFADAj\nMQwwCgYDVQQKEwNMYWIxEzARBgNVBAMTCmdpdGxhYi5sYWIwHhcNMjUwNTI0MTMz\nMzE4WhcNMjYwNTI0MTMzMzE4WjAjMQwwCgYDVQQKEwNMYWIxEzARBgNVBAMTCmdp\ndGxhYi5sYWIwggEiMA0GCSqGSIb3DQEBAQUAA4IBDwAwggEKAoIBAQCTdTov/Uvd\nt5pLbxW10UN+MUOKKj3VeJUZaTetC2aZRtZS3mzEwxfXj9iVuJImNqmeeqF5xrnn\nL1kuFAXFY46ILYohDf4SRE8hMZOV0pjjcsLI8PchAHdURLgXDhH4G0ZBeGrtBcE0\nE0sEZEgRkwrHHOl8FDB8YeNazaX4LfdFd/6ofTRzgCR4RJAxRBCp0ynxUcpQXhjx\noR5x2/geK6piqJR+nnxDPlut/ggeX1z4w9niuELDtCuoU4lBnYlLjWUub6xX98MH\nDTHwh2jwxj1N0+Cj7hP1WDhUNpjx41z34r4eDnLC1hVdoR5zEI6UcgXMSBLyDG/T\nJlXTZJrnKTfhAgMBAAGjTDBKMA4GA1UdDwEB/wQEAwIFoDATBgNVHSUEDDAKBggr\nBgEFBQcDATAMBgNVHRMBAf8EAjAAMBUGA1UdEQQOMAyCCmdpdGxhYi5sYWIwDQYJ\nKoZIhvcNAQELBQADggEBAF5XxSkBfS1pCCTRS/KXdSzmGiNJ0YI+3/2LMqyPhr4W\nFGmCzRRTc/gmQEl5MiOSjFlv1DNTFGjtteLTtx6AcDWSdN9W/4QKa5YhohBsS/1z\nGgrOy1Z1B1zKu3PEcXRxZcbqnGGqIz7Rtc/GltDleHvAdOD7BrhfuwyAoRYB6O4L\nonumn3m/P359dtAa/AtVsfzOpjXwOApZVfiJOH9wp6gdTq1ndbx1yBkcaZoDtUV4\noTgldbu2QZKQY62IlKQhkQK3OmQH0AgUJghTEgSPPt8E5YVMi3HbP+qg3o1cFs6r\nsEwjVduHFkf/Qb4kVrxkiEtG7Qumd97dr75srcP/kq8=\n-----END CERTIFICATE-----\n",
            "content_base64": null,
            "content_base64sha256": "IzJJ+oY/c+8CtDUKAxv3zU3PkfnzjQ3K4Es6pZVrRTw=",
            "content_base64sha512": "bOxJ9ISmLrWaSizOOS8Yck7axqaEwMklfRPFXn65/rD91akp9HDpumN6zE8c/ngeqgGBdz/jpySBFVvnwaWs1g==",
            "content_md5": "b488be0874d1618ff648ae79c6faad65",
            "content_sha1": "02b248382658577f435274e5b56e3259a49ea234",
            "content_sha256": "233249fa863f73ef02b4350a031bf7cd4dcf91f9f38d0dcae04b3aa5956b453c",
            "content_sha512": "6cec49f484a62eb59a4a2cce392f18724edac6a684c0c9257d13c55e7eb9feb0fdd5a929f470e9ba637acc4f1cfe781eaa0181773fe3a72481155be7c1a5acd6",
            "directory_permission": "0777",
            "file_permission": "0777",
            "filename": "./certs/gitlab.lab.crt",
            "id": "02b248382658577f435274e5b56e3259a49ea234",
            "sensitive_content": null,
            "source": null
          },
          "sensitive_attributes": [
            [
              {
                "type": "get_attr",
                "value": "sensitive_content"
              }
            ]
          ],
          "identity_schema_version": 0,
          "dependencies": [
            "tls_private_key.key_nginx",
            "tls_self_signed_cert.cert"
          ]
        }
      ]
    },
    {
      "mode": "managed",
      "type": "local_file",
      "name": "tls_key",
      "provider": "provider[\"registry.terraform.io/hashicorp/local\"]",
      "instances": [
        {
          "schema_version": 0,
          "attributes": {
            "content": "-----BEGIN RSA PRIVATE KEY-----\nMIIEpQIBAAKCAQEAk3U6L/1L3beaS28VtdFDfjFDiio91XiVGWk3rQtmmUbWUt5s\nxMMX14/YlbiSJjapnnqheca55y9ZLhQFxWOOiC2KIQ3+EkRPITGTldKY43LCyPD3\nIQB3VES4Fw4R+BtGQXhq7QXBNBNLBGRIEZMKxxzpfBQwfGHjWs2l+C33RXf+qH00\nc4AkeESQMUQQqdMp8VHKUF4Y8aEecdv4HiuqYqiUfp58Qz5brf4IHl9c+MPZ4rhC\nw7QrqFOJQZ2JS41lLm+sV/fDBw0x8Ido8MY9TdPgo+4T9Vg4VDaY8eNc9+K+Hg5y\nwtYVXaEecxCOlHIFzEgS8gxv0yZV02Sa5yk34QIDAQABAoIBABFZ9UGh4OxDV1bi\niK+3IuXFxsCKlXGZ6ZOOp8RHR+in5v7j2PEzUsolDVOa3ym7e2ygWgFyIryDPA95\nwC8YtrQsBam7k4bTPmt1wbvaxu5Wufh6sF3UB/akynO+Dlu/W95G3PAsoe4uigCH\ni1p0DsvcyVW2K3lrbF0qP0oroIHuPdDhlTB3J35rIdfS9YyO9iHn4LMJqL281yjH\nAd1MuGfN41mYlzB9ajFe9a235c2OfwuHIMOHNo1/2m2cm4PKLRh8NB5VQBqzElF5\naK8YvuN20Hwt7n8Y8ON8kqJOhOtldLhhjh1WHCOFlUo0X7uOzzM/VEoTyaKpqsh2\nSv3Z0NECgYEAwBTYfhtNsIPHz5Pl14sUINzN8DeytNrOL/vzr5iqdXJzSUskD7/e\nsyF4WQ7lZNTry4SP9YUqVg1Jvh13EhgiQYUuy7Wb4U6xxJkWHanL2MsEF9IE65fe\n872c/Nxk4ecb3vjAkGPfWxa66GZGB1SaUHhDJsyynMKjZFF4R18fwUkCgYEAxIb3\nQqVu2KcpP0rfwA2of03caEcukpvOB7opSwriQc8tNrP5VvU7mfMic2SSdYGwDSwE\nbHXE6ZdGC/2u31tlmW9/ttjwCbkdZC2MwjGcRhztFOn2z+FFx/9X4r7wPpoFneEa\nHXau6KGEadOJ/SfoJf5uL6Dc2cexsY8qdm6sWdkCgYEAk4svpOaKLa18PTnJEmFV\nq8yQMBZIol10hi1NyTNGtIKehc0/PQ3QHd7218n2cRaQrTr9bcXFeGYqn+t4PCDn\np1aLVJUC0PWm3XIOJ+j2mWeQlE+R0fpNmwKqZR1SLKheo06GdCMTPZ/fIIb3Ach9\n5JQMWPBhvsJPyc4+yuwJs2kCgYEAneOAyv5164GA1eSllnpioMRBC1YEyKx7/iFG\nA5Ae7pgvzv8Qlxg2Zhy71NE8CUPD2RFADJMhPDnYgNGyqKeZHIhDpvbrAiTCxDUE\nHRAWaQ3cOy0sqR5nHaK7TOPxx5meYZTzkjBDnYoGA6978PMaw0uB4qnuRNj2nZxT\nlQqdVSECgYEAuD/Pnzl/QI/Zxn1nETGaB8tcmIXQDlClG2Yd8UgiU14zoInVXKL4\n7VArGV+dKrCukI1jre21cf/qcs2g9G/NAlkHwVBa2gvV6QsVwDyLB3lxOoxamACL\np4atechhtuTFF+xxw+bcegftAOZWi3JYiRZ06UxsURxmXli/R3FmPEQ=\n-----END RSA PRIVATE KEY-----\n",
            "content_base64": null,
            "content_base64sha256": "ffwtTQL22NwPmEuVELxMiJOg1CVFShnNjrVdpq+8r5M=",
            "content_base64sha512": "P+PYAgiwl7XfHly/kKWK2kI3lNk84BWERRKfL6qyIXXE8FFPc5Ip1SKJ9o47YT+w63SvAPMrSS8iSgA1sBHXvQ==",
            "content_md5": "6969c040a4b8e9a302fd9d6180053e7a",
            "content_sha1": "1f0ec77bde2a1a039535d57146a67af7ebd19b47",
            "content_sha256": "7dfc2d4d02f6d8dc0f984b9510bc4c8893a0d425454a19cd8eb55da6afbcaf93",
            "content_sha512": "3fe3d80208b097b5df1e5cbf90a58ada423794d93ce0158445129f2faab22175c4f0514f739229d52289f68e3b613fb0eb74af00f32b492f224a0035b011d7bd",
            "directory_permission": "0777",
            "file_permission": "0777",
            "filename": "./certs/gitlab.lab.key",
            "id": "1f0ec77bde2a1a039535d57146a67af7ebd19b47",
            "sensitive_content": null,
            "source": null
          },
          "sensitive_attributes": [
            [
              {
                "type": "get_attr",
                "value": "content"
              }
            ],
            [
              {
                "type": "get_attr",
                "value": "sensitive_content"
              }
            ]
          ],
          "identity_schema_version": 0,
          "dependencies": [
            "tls_private_key.key_nginx"
          ]
        }
      ]
    },
    {
      "mode": "managed",
      "type": "null_resource",
      "name": "ansible_gitlab_config",
      "provider": "provider[\"registry.terraform.io/hashicorp/null\"]",
      "instances": [
        {
          "schema_version": 0,
          "attributes": {
            "id": "5897279045023728180",
            "triggers": {
              "inventory_sha": "790e666967e57aca22662973d1e2e4669e3a387f1d1252d11c647b38890b097a",
              "playbook_sha": "2f90a86eb040efd52e2035c40aae635436e6902ef528ce22f0600a83308f7591"
            }
          },
          "sensitive_attributes": [],
          "identity_schema_version": 0,
          "dependencies": [
            "docker_container.gitlab",
            "docker_image.gitlab",
            "docker_network.reseau_lab"
          ]
        }
      ]
    },
    {
      "mode": "managed",
      "type": "null_resource",
      "name": "inject_ssh_key_Keycloak",
      "provider": "provider[\"registry.terraform.io/hashicorp/null\"]",
      "instances": [
        {
          "schema_version": 0,
          "attributes": {
            "id": "9171022765005253700",
            "triggers": null
          },
          "sensitive_attributes": [],
          "identity_schema_version": 0,
          "dependencies": [
            "docker_container.keycloak",
            "docker_container.keycloak_db",
            "docker_image.keycloak",
            "docker_image.postgres",
            "docker_network.reseau_lab",
            "local_file.public_key",
            "tls_private_key.ansible_key"
          ]
        }
      ]
    },
    {
      "mode": "managed",
      "type": "null_resource",
      "name": "inject_ssh_key_gitlab",
      "provider": "provider[\"registry.terraform.io/hashicorp/null\"]",
      "instances": [
        {
          "schema_version": 0,
          "attributes": {
            "id": "5357670200090917402",
            "triggers": null
          },
          "sensitive_attributes": [],
          "identity_schema_version": 0,
          "dependencies": [
            "docker_container.gitlab",
            "docker_image.gitlab",
            "docker_network.reseau_lab",
            "local_file.public_key",
            "tls_private_key.ansible_key"
          ]
        }
      ]
    },
    {
      "mode": "managed",
      "type": "tls_private_key",
      "name": "ansible_key",
      "provider": "provider[\"registry.terraform.io/hashicorp/tls\"]",
      "instances": [
        {
          "schema_version": 1,
          "attributes": {
            "algorithm": "RSA",
            "ecdsa_curve": "P224",
            "id": "2ffea10f1774947409bc49411ac8f8168576ccf2",
            "private_key_openssh": "-----BEGIN OPENSSH PRIVATE KEY-----\nb3BlbnNzaC1rZXktdjEAAAAABG5vbmUAAAAEbm9uZQAAAAAAAAABAAABFwAAAAdz\nc2gtcnNhAAAAAwEAAQAAAQEApYrMUN4C+I8u38S3FGOg0sOMwWmYSiVQmUq0IIff\nqEdpsZbzSeBLbB5MgCL7qKUgwqyTbxSWWdP/epoazx4bO0oOUixlG2j33QIYdjFx\nWR+mdEQ7JTnmRdQESY5lU+lQmTqaxJDLy7iPV/DSKNVE4sWM8TPxJqDSFzE6fKj3\nZJhx5pxvubjtISFQDi2du+f5gfxpKi+PkR8/KPM4yPl/61DCaJJMLj1knUO0k+C5\n4m3oH0zhUdQl3/zmx3eDu+QuWurG7Lyu8x7ahAoWww2D3q9ndWwrGlfBcHvqzuvA\n0FoSB8EZ1bmNnIWHnTN72RyGm4kRRxALKyrfM/NLXnAQWwAAA7iGCo1shgqNbAAA\nAAdzc2gtcnNhAAABAQClisxQ3gL4jy7fxLcUY6DSw4zBaZhKJVCZSrQgh9+oR2mx\nlvNJ4EtsHkyAIvuopSDCrJNvFJZZ0/96mhrPHhs7Sg5SLGUbaPfdAhh2MXFZH6Z0\nRDslOeZF1ARJjmVT6VCZOprEkMvLuI9X8NIo1UTixYzxM/EmoNIXMTp8qPdkmHHm\nnG+5uO0hIVAOLZ275/mB/GkqL4+RHz8o8zjI+X/rUMJokkwuPWSdQ7ST4Lnibegf\nTOFR1CXf/ObHd4O75C5a6sbsvK7zHtqEChbDDYPer2d1bCsaV8Fwe+rO68DQWhIH\nwRnVuY2chYedM3vZHIabiRFHEAsrKt8z80tecBBbAAAAAwEAAQAAAQAdREk0ANQw\noovMduhRO/3qVTU02pjYfvldaJYo7CywARQgGApiJLvg3Qh0XPr2CV+d20njiRW9\nwtu3jrgvpuh0lnaqs3uamXe8xIqTltEtywkwJAH65l4eOUoawQiMCcM8m95R4zGM\njlAVYZeeLXpUx01QNXksdaE/BW6MLIk0aPBp58FdleS0uA6LZD+GdPt+e4xl+zOK\n2rPUN8PJY7MPT1JbluDezaOi5qqI1ATs4mEq5s9my1KMBCtatqx9C46BBx/nAwxO\nIqcZbn+tKdA8d7KtM2Zi5F4QHWaO92FQKJvxAzEcNUloyE6xFifgZfKhFlvwzNyG\nb28CIiLsaovlAAAAgEmt2X7IizXJpupo6aOK9oCValV1ZGHe+T6rVSUzRXqFuw2r\nSKAvkEybA6K4X+H0GIF9bDrtyfTOo9F68Gv0Gbj38vw91yg8FWPsSp3UGS8XIClL\nekxHXoLeYimXK4bwGZwzbcec8F1CnK3/+oGNGadJbEw0YW9YQBLGArLnQV/eAAAA\ngQDK/0hBGVCVbvAo42BcX5AoZWkM3aW3fgwcm+NLTb+WWy6d169ju0Xw+jRXgV32\nAO2JJMlOtJUud6Kfiti2Nv3BnvbMRyZ6JTaBQ6L5mtxtFmN9kkq+vvYIiZWmnY0U\nMunoF3An4SGenUcwpXpn4auuMxZw8luRCQJSlevD92TjNwAAAIEA0MPzltnIIKqy\nM8MmMDBJPEWG9P6hYqmDEtftjy2H1JKnn8dmVs7Y3OrOSP0FxRv34UaWICOv6Cp1\n7sAMxkzmb0jFSJUxjtjeFJn+mopsx61gKQOTLQFLzisg71orQ8wGx/I2oK6wLg3B\nQyatciqBZ5pTpiCQ4BgEkcC51OuoFf0AAAAAAQID\n-----END OPENSSH PRIVATE KEY-----\n",
            "private_key_pem": "-----BEGIN RSA PRIVATE KEY-----\nMIIEogIBAAKCAQEApYrMUN4C+I8u38S3FGOg0sOMwWmYSiVQmUq0IIffqEdpsZbz\nSeBLbB5MgCL7qKUgwqyTbxSWWdP/epoazx4bO0oOUixlG2j33QIYdjFxWR+mdEQ7\nJTnmRdQESY5lU+lQmTqaxJDLy7iPV/DSKNVE4sWM8TPxJqDSFzE6fKj3ZJhx5pxv\nubjtISFQDi2du+f5gfxpKi+PkR8/KPM4yPl/61DCaJJMLj1knUO0k+C54m3oH0zh\nUdQl3/zmx3eDu+QuWurG7Lyu8x7ahAoWww2D3q9ndWwrGlfBcHvqzuvA0FoSB8EZ\n1bmNnIWHnTN72RyGm4kRRxALKyrfM/NLXnAQWwIDAQABAoIBAB1ESTQA1DCii8x2\n6FE7/epVNTTamNh++V1olijsLLABFCAYCmIku+DdCHRc+vYJX53bSeOJFb3C27eO\nuC+m6HSWdqqze5qZd7zEipOW0S3LCTAkAfrmXh45ShrBCIwJwzyb3lHjMYyOUBVh\nl54telTHTVA1eSx1oT8FbowsiTRo8GnnwV2V5LS4DotkP4Z0+357jGX7M4ras9Q3\nw8ljsw9PUluW4N7No6LmqojUBOziYSrmz2bLUowEK1q2rH0LjoEHH+cDDE4ipxlu\nf60p0Dx3sq0zZmLkXhAdZo73YVAom/EDMRw1SWjITrEWJ+Bl8qEWW/DM3IZvbwIi\nIuxqi+UCgYEAyv9IQRlQlW7wKONgXF+QKGVpDN2lt34MHJvjS02/llsundevY7tF\n8Po0V4Fd9gDtiSTJTrSVLnein4rYtjb9wZ72zEcmeiU2gUOi+ZrcbRZjfZJKvr72\nCImVpp2NFDLp6BdwJ+Ehnp1HMKV6Z+GrrjMWcPJbkQkCUpXrw/dk4zcCgYEA0MPz\nltnIIKqyM8MmMDBJPEWG9P6hYqmDEtftjy2H1JKnn8dmVs7Y3OrOSP0FxRv34UaW\nICOv6Cp17sAMxkzmb0jFSJUxjtjeFJn+mopsx61gKQOTLQFLzisg71orQ8wGx/I2\noK6wLg3BQyatciqBZ5pTpiCQ4BgEkcC51OuoFf0CgYB61EL9GPs4oFry8rowyqYo\nu0v4O/l08PEVMoIy44WEzgGEAqkemId2i362YBHhs6gHLtocJIqMBlnBXbtJbjbX\nPH+rFXZDvFahmrJ3g+vSmhRzO9y8VEH84ntJyNU/npsIE36Kst+r4RDdb5OEXfmK\nu2Dd0Nf1B1V/cTWqavyBuwKBgGnXDoYqP4YgRFxt0cyYjmiaL0PCXHuyyRsikfQG\n91hUSdt9smrMT7Ig8Rib/vLhrRhvOulsbmBcNpIml9NpZWKCGFMmIIv1cxIqyKP9\nDg1l3tysTU+B2rbZssbmhgzHQaDZMczhA701iAfNch3xYs3ttf8Bf7G9O4PRm+VQ\n3FTZAoGASa3ZfsiLNcmm6mjpo4r2gJVqVXVkYd75PqtVJTNFeoW7DatIoC+QTJsD\norhf4fQYgX1sOu3J9M6j0Xrwa/QZuPfy/D3XKDwVY+xKndQZLxcgKUt6TEdegt5i\nKZcrhvAZnDNtx5zwXUKcrf/6gY0Zp0lsTDRhb1hAEsYCsudBX94=\n-----END RSA PRIVATE KEY-----\n",
            "private_key_pem_pkcs8": "-----BEGIN PRIVATE KEY-----\nMIIEvAIBADANBgkqhkiG9w0BAQEFAASCBKYwggSiAgEAAoIBAQClisxQ3gL4jy7f\nxLcUY6DSw4zBaZhKJVCZSrQgh9+oR2mxlvNJ4EtsHkyAIvuopSDCrJNvFJZZ0/96\nmhrPHhs7Sg5SLGUbaPfdAhh2MXFZH6Z0RDslOeZF1ARJjmVT6VCZOprEkMvLuI9X\n8NIo1UTixYzxM/EmoNIXMTp8qPdkmHHmnG+5uO0hIVAOLZ275/mB/GkqL4+RHz8o\n8zjI+X/rUMJokkwuPWSdQ7ST4LnibegfTOFR1CXf/ObHd4O75C5a6sbsvK7zHtqE\nChbDDYPer2d1bCsaV8Fwe+rO68DQWhIHwRnVuY2chYedM3vZHIabiRFHEAsrKt8z\n80tecBBbAgMBAAECggEAHURJNADUMKKLzHboUTv96lU1NNqY2H75XWiWKOwssAEU\nIBgKYiS74N0IdFz69glfndtJ44kVvcLbt464L6bodJZ2qrN7mpl3vMSKk5bRLcsJ\nMCQB+uZeHjlKGsEIjAnDPJveUeMxjI5QFWGXni16VMdNUDV5LHWhPwVujCyJNGjw\naefBXZXktLgOi2Q/hnT7fnuMZfszitqz1DfDyWOzD09SW5bg3s2jouaqiNQE7OJh\nKubPZstSjAQrWrasfQuOgQcf5wMMTiKnGW5/rSnQPHeyrTNmYuReEB1mjvdhUCib\n8QMxHDVJaMhOsRYn4GXyoRZb8Mzchm9vAiIi7GqL5QKBgQDK/0hBGVCVbvAo42Bc\nX5AoZWkM3aW3fgwcm+NLTb+WWy6d169ju0Xw+jRXgV32AO2JJMlOtJUud6Kfiti2\nNv3BnvbMRyZ6JTaBQ6L5mtxtFmN9kkq+vvYIiZWmnY0UMunoF3An4SGenUcwpXpn\n4auuMxZw8luRCQJSlevD92TjNwKBgQDQw/OW2cggqrIzwyYwMEk8RYb0/qFiqYMS\n1+2PLYfUkqefx2ZWztjc6s5I/QXFG/fhRpYgI6/oKnXuwAzGTOZvSMVIlTGO2N4U\nmf6aimzHrWApA5MtAUvOKyDvWitDzAbH8jagrrAuDcFDJq1yKoFnmlOmIJDgGASR\nwLnU66gV/QKBgHrUQv0Y+zigWvLyujDKpii7S/g7+XTw8RUygjLjhYTOAYQCqR6Y\nh3aLfrZgEeGzqAcu2hwkiowGWcFdu0luNtc8f6sVdkO8VqGasneD69KaFHM73LxU\nQfzie0nI1T+emwgTfoqy36vhEN1vk4Rd+Yq7YN3Q1/UHVX9xNapq/IG7AoGAadcO\nhio/hiBEXG3RzJiOaJovQ8Jce7LJGyKR9Ab3WFRJ232yasxPsiDxGJv+8uGtGG86\n6WxuYFw2kiaX02llYoIYUyYgi/VzEirIo/0ODWXe3KxNT4HattmyxuaGDMdBoNkx\nzOEDvTWIB81yHfFize21/wF/sb07g9Gb5VDcVNkCgYBJrdl+yIs1yabqaOmjivaA\nlWpVdWRh3vk+q1UlM0V6hbsNq0igL5BMmwOiuF/h9BiBfWw67cn0zqPRevBr9Bm4\n9/L8PdcoPBVj7Eqd1BkvFyApS3pMR16C3mIplyuG8BmcM23HnPBdQpyt//qBjRmn\nSWxMNGFvWEASxgKy50Ff3g==\n-----END PRIVATE KEY-----\n",
            "public_key_fingerprint_md5": "6e:56:e8:14:ec:e9:8a:8e:ff:22:fb:9f:24:b2:f9:63",
            "public_key_fingerprint_sha256": "SHA256:lksK+v/j55PjlU/bVLfuZaxx+ZGEsXwl5C5wE9/IPV0",
            "public_key_openssh": "ssh-rsa AAAAB3NzaC1yc2EAAAADAQABAAABAQClisxQ3gL4jy7fxLcUY6DSw4zBaZhKJVCZSrQgh9+oR2mxlvNJ4EtsHkyAIvuopSDCrJNvFJZZ0/96mhrPHhs7Sg5SLGUbaPfdAhh2MXFZH6Z0RDslOeZF1ARJjmVT6VCZOprEkMvLuI9X8NIo1UTixYzxM/EmoNIXMTp8qPdkmHHmnG+5uO0hIVAOLZ275/mB/GkqL4+RHz8o8zjI+X/rUMJokkwuPWSdQ7ST4LnibegfTOFR1CXf/ObHd4O75C5a6sbsvK7zHtqEChbDDYPer2d1bCsaV8Fwe+rO68DQWhIHwRnVuY2chYedM3vZHIabiRFHEAsrKt8z80tecBBb\n",
            "public_key_pem": "-----BEGIN PUBLIC KEY-----\nMIIBIjANBgkqhkiG9w0BAQEFAAOCAQ8AMIIBCgKCAQEApYrMUN4C+I8u38S3FGOg\n0sOMwWmYSiVQmUq0IIffqEdpsZbzSeBLbB5MgCL7qKUgwqyTbxSWWdP/epoazx4b\nO0oOUixlG2j33QIYdjFxWR+mdEQ7JTnmRdQESY5lU+lQmTqaxJDLy7iPV/DSKNVE\n4sWM8TPxJqDSFzE6fKj3ZJhx5pxvubjtISFQDi2du+f5gfxpKi+PkR8/KPM4yPl/\n61DCaJJMLj1knUO0k+C54m3oH0zhUdQl3/zmx3eDu+QuWurG7Lyu8x7ahAoWww2D\n3q9ndWwrGlfBcHvqzuvA0FoSB8EZ1bmNnIWHnTN72RyGm4kRRxALKyrfM/NLXnAQ\nWwIDAQAB\n-----END PUBLIC KEY-----\n",
            "rsa_bits": 2048
          },
          "sensitive_attributes": [
            [
              {
                "type": "get_attr",
                "value": "private_key_openssh"
              }
            ],
            [
              {
                "type": "get_attr",
                "value": "private_key_pem"
              }
            ],
            [
              {
                "type": "get_attr",
                "value": "private_key_pem_pkcs8"
              }
            ]
          ],
          "identity_schema_version": 0
        }
      ]
    },
    {
      "mode": "managed",
      "type": "tls_private_key",
      "name": "key_nginx",
      "provider": "provider[\"registry.terraform.io/hashicorp/tls\"]",
      "instances": [
        {
          "schema_version": 1,
          "attributes": {
            "algorithm": "RSA",
            "ecdsa_curve": "P224",
            "id": "f195d90536a75b6cf42399f3dc6e20505ff29d74",
            "private_key_openssh": "-----BEGIN OPENSSH PRIVATE KEY-----\nb3BlbnNzaC1rZXktdjEAAAAABG5vbmUAAAAEbm9uZQAAAAAAAAABAAABFwAAAAdz\nc2gtcnNhAAAAAwEAAQAAAQEAk3U6L/1L3beaS28VtdFDfjFDiio91XiVGWk3rQtm\nmUbWUt5sxMMX14/YlbiSJjapnnqheca55y9ZLhQFxWOOiC2KIQ3+EkRPITGTldKY\n43LCyPD3IQB3VES4Fw4R+BtGQXhq7QXBNBNLBGRIEZMKxxzpfBQwfGHjWs2l+C33\nRXf+qH00c4AkeESQMUQQqdMp8VHKUF4Y8aEecdv4HiuqYqiUfp58Qz5brf4IHl9c\n+MPZ4rhCw7QrqFOJQZ2JS41lLm+sV/fDBw0x8Ido8MY9TdPgo+4T9Vg4VDaY8eNc\n9+K+Hg5ywtYVXaEecxCOlHIFzEgS8gxv0yZV02Sa5yk34QAAA7iMK7jHjCu4xwAA\nAAdzc2gtcnNhAAABAQCTdTov/Uvdt5pLbxW10UN+MUOKKj3VeJUZaTetC2aZRtZS\n3mzEwxfXj9iVuJImNqmeeqF5xrnnL1kuFAXFY46ILYohDf4SRE8hMZOV0pjjcsLI\n8PchAHdURLgXDhH4G0ZBeGrtBcE0E0sEZEgRkwrHHOl8FDB8YeNazaX4LfdFd/6o\nfTRzgCR4RJAxRBCp0ynxUcpQXhjxoR5x2/geK6piqJR+nnxDPlut/ggeX1z4w9ni\nuELDtCuoU4lBnYlLjWUub6xX98MHDTHwh2jwxj1N0+Cj7hP1WDhUNpjx41z34r4e\nDnLC1hVdoR5zEI6UcgXMSBLyDG/TJlXTZJrnKTfhAAAAAwEAAQAAAQARWfVBoeDs\nQ1dW4oivtyLlxcbAipVxmemTjqfER0fop+b+49jxM1LKJQ1Tmt8pu3tsoFoBciK8\ngzwPecAvGLa0LAWpu5OG0z5rdcG72sbuVrn4erBd1Af2pMpzvg5bv1veRtzwLKHu\nLooAh4tadA7L3MlVtit5a2xdKj9KK6CB7j3Q4ZUwdyd+ayHX0vWMjvYh5+CzCai9\nvNcoxwHdTLhnzeNZmJcwfWoxXvWtt+XNjn8LhyDDhzaNf9ptnJuDyi0YfDQeVUAa\nsxJReWivGL7jdtB8Le5/GPDjfJKiToTrZXS4YY4dVhwjhZVKNF+7js8zP1RKE8mi\nqarIdkr92dDRAAAAgQC4P8+fOX9Aj9nGfWcRMZoHy1yYhdAOUKUbZh3xSCJTXjOg\nidVcovjtUCsZX50qsK6QjWOt7bVx/+pyzaD0b80CWQfBUFraC9XpCxXAPIsHeXE6\njFqYAIunhq15yGG25MUX7HHD5tx6B+0A5laLcliJFnTpTGxRHGZeWL9HcWY8RAAA\nAIEAwBTYfhtNsIPHz5Pl14sUINzN8DeytNrOL/vzr5iqdXJzSUskD7/esyF4WQ7l\nZNTry4SP9YUqVg1Jvh13EhgiQYUuy7Wb4U6xxJkWHanL2MsEF9IE65fe872c/Nxk\n4ecb3vjAkGPfWxa66GZGB1SaUHhDJsyynMKjZFF4R18fwUkAAACBAMSG90Klbtin\nKT9K38ANqH9N3GhHLpKbzge6KUsK4kHPLTaz+Vb1O5nzInNkknWBsA0sBGx1xOmX\nRgv9rt9bZZlvf7bY8Am5HWQtjMIxnEYc7RTp9s/hRcf/V+K+8D6aBZ3hGh12ruih\nhGnTif0n6CX+bi+g3NnHsbGPKnZurFnZAAAAAAEC\n-----END OPENSSH PRIVATE KEY-----\n",
            "private_key_pem": "-----BEGIN RSA PRIVATE KEY-----\nMIIEpQIBAAKCAQEAk3U6L/1L3beaS28VtdFDfjFDiio91XiVGWk3rQtmmUbWUt5s\nxMMX14/YlbiSJjapnnqheca55y9ZLhQFxWOOiC2KIQ3+EkRPITGTldKY43LCyPD3\nIQB3VES4Fw4R+BtGQXhq7QXBNBNLBGRIEZMKxxzpfBQwfGHjWs2l+C33RXf+qH00\nc4AkeESQMUQQqdMp8VHKUF4Y8aEecdv4HiuqYqiUfp58Qz5brf4IHl9c+MPZ4rhC\nw7QrqFOJQZ2JS41lLm+sV/fDBw0x8Ido8MY9TdPgo+4T9Vg4VDaY8eNc9+K+Hg5y\nwtYVXaEecxCOlHIFzEgS8gxv0yZV02Sa5yk34QIDAQABAoIBABFZ9UGh4OxDV1bi\niK+3IuXFxsCKlXGZ6ZOOp8RHR+in5v7j2PEzUsolDVOa3ym7e2ygWgFyIryDPA95\nwC8YtrQsBam7k4bTPmt1wbvaxu5Wufh6sF3UB/akynO+Dlu/W95G3PAsoe4uigCH\ni1p0DsvcyVW2K3lrbF0qP0oroIHuPdDhlTB3J35rIdfS9YyO9iHn4LMJqL281yjH\nAd1MuGfN41mYlzB9ajFe9a235c2OfwuHIMOHNo1/2m2cm4PKLRh8NB5VQBqzElF5\naK8YvuN20Hwt7n8Y8ON8kqJOhOtldLhhjh1WHCOFlUo0X7uOzzM/VEoTyaKpqsh2\nSv3Z0NECgYEAwBTYfhtNsIPHz5Pl14sUINzN8DeytNrOL/vzr5iqdXJzSUskD7/e\nsyF4WQ7lZNTry4SP9YUqVg1Jvh13EhgiQYUuy7Wb4U6xxJkWHanL2MsEF9IE65fe\n872c/Nxk4ecb3vjAkGPfWxa66GZGB1SaUHhDJsyynMKjZFF4R18fwUkCgYEAxIb3\nQqVu2KcpP0rfwA2of03caEcukpvOB7opSwriQc8tNrP5VvU7mfMic2SSdYGwDSwE\nbHXE6ZdGC/2u31tlmW9/ttjwCbkdZC2MwjGcRhztFOn2z+FFx/9X4r7wPpoFneEa\nHXau6KGEadOJ/SfoJf5uL6Dc2cexsY8qdm6sWdkCgYEAk4svpOaKLa18PTnJEmFV\nq8yQMBZIol10hi1NyTNGtIKehc0/PQ3QHd7218n2cRaQrTr9bcXFeGYqn+t4PCDn\np1aLVJUC0PWm3XIOJ+j2mWeQlE+R0fpNmwKqZR1SLKheo06GdCMTPZ/fIIb3Ach9\n5JQMWPBhvsJPyc4+yuwJs2kCgYEAneOAyv5164GA1eSllnpioMRBC1YEyKx7/iFG\nA5Ae7pgvzv8Qlxg2Zhy71NE8CUPD2RFADJMhPDnYgNGyqKeZHIhDpvbrAiTCxDUE\nHRAWaQ3cOy0sqR5nHaK7TOPxx5meYZTzkjBDnYoGA6978PMaw0uB4qnuRNj2nZxT\nlQqdVSECgYEAuD/Pnzl/QI/Zxn1nETGaB8tcmIXQDlClG2Yd8UgiU14zoInVXKL4\n7VArGV+dKrCukI1jre21cf/qcs2g9G/NAlkHwVBa2gvV6QsVwDyLB3lxOoxamACL\np4atechhtuTFF+xxw+bcegftAOZWi3JYiRZ06UxsURxmXli/R3FmPEQ=\n-----END RSA PRIVATE KEY-----\n",
            "private_key_pem_pkcs8": "-----BEGIN PRIVATE KEY-----\nMIIEvwIBADANBgkqhkiG9w0BAQEFAASCBKkwggSlAgEAAoIBAQCTdTov/Uvdt5pL\nbxW10UN+MUOKKj3VeJUZaTetC2aZRtZS3mzEwxfXj9iVuJImNqmeeqF5xrnnL1ku\nFAXFY46ILYohDf4SRE8hMZOV0pjjcsLI8PchAHdURLgXDhH4G0ZBeGrtBcE0E0sE\nZEgRkwrHHOl8FDB8YeNazaX4LfdFd/6ofTRzgCR4RJAxRBCp0ynxUcpQXhjxoR5x\n2/geK6piqJR+nnxDPlut/ggeX1z4w9niuELDtCuoU4lBnYlLjWUub6xX98MHDTHw\nh2jwxj1N0+Cj7hP1WDhUNpjx41z34r4eDnLC1hVdoR5zEI6UcgXMSBLyDG/TJlXT\nZJrnKTfhAgMBAAECggEAEVn1QaHg7ENXVuKIr7ci5cXGwIqVcZnpk46nxEdH6Kfm\n/uPY8TNSyiUNU5rfKbt7bKBaAXIivIM8D3nALxi2tCwFqbuThtM+a3XBu9rG7la5\n+HqwXdQH9qTKc74OW79b3kbc8Cyh7i6KAIeLWnQOy9zJVbYreWtsXSo/Siugge49\n0OGVMHcnfmsh19L1jI72IefgswmovbzXKMcB3Uy4Z83jWZiXMH1qMV71rbflzY5/\nC4cgw4c2jX/abZybg8otGHw0HlVAGrMSUXlorxi+43bQfC3ufxjw43ySok6E62V0\nuGGOHVYcI4WVSjRfu47PMz9UShPJoqmqyHZK/dnQ0QKBgQDAFNh+G02wg8fPk+XX\nixQg3M3wN7K02s4v+/OvmKp1cnNJSyQPv96zIXhZDuVk1OvLhI/1hSpWDUm+HXcS\nGCJBhS7LtZvhTrHEmRYdqcvYywQX0gTrl97zvZz83GTh5xve+MCQY99bFrroZkYH\nVJpQeEMmzLKcwqNkUXhHXx/BSQKBgQDEhvdCpW7Ypyk/St/ADah/TdxoRy6Sm84H\nuilLCuJBzy02s/lW9TuZ8yJzZJJ1gbANLARsdcTpl0YL/a7fW2WZb3+22PAJuR1k\nLYzCMZxGHO0U6fbP4UXH/1fivvA+mgWd4Roddq7ooYRp04n9J+gl/m4voNzZx7Gx\njyp2bqxZ2QKBgQCTiy+k5ootrXw9OckSYVWrzJAwFkiiXXSGLU3JM0a0gp6FzT89\nDdAd3vbXyfZxFpCtOv1txcV4Ziqf63g8IOenVotUlQLQ9abdcg4n6PaZZ5CUT5HR\n+k2bAqplHVIsqF6jToZ0IxM9n98ghvcByH3klAxY8GG+wk/Jzj7K7AmzaQKBgQCd\n44DK/nXrgYDV5KWWemKgxEELVgTIrHv+IUYDkB7umC/O/xCXGDZmHLvU0TwJQ8PZ\nEUAMkyE8OdiA0bKop5kciEOm9usCJMLENQQdEBZpDdw7LSypHmcdortM4/HHmZ5h\nlPOSMEOdigYDr3vw8xrDS4Hiqe5E2PadnFOVCp1VIQKBgQC4P8+fOX9Aj9nGfWcR\nMZoHy1yYhdAOUKUbZh3xSCJTXjOgidVcovjtUCsZX50qsK6QjWOt7bVx/+pyzaD0\nb80CWQfBUFraC9XpCxXAPIsHeXE6jFqYAIunhq15yGG25MUX7HHD5tx6B+0A5laL\ncliJFnTpTGxRHGZeWL9HcWY8RA==\n-----END PRIVATE KEY-----\n",
            "public_key_fingerprint_md5": "16:2f:50:ed:22:9c:77:e1:94:12:b9:f9:d2:be:72:9e",
            "public_key_fingerprint_sha256": "SHA256:PEPm3rmYrDdi1oVk3Wl8OP1cid8ZSk7pZgMmj1ia+FM",
            "public_key_openssh": "ssh-rsa AAAAB3NzaC1yc2EAAAADAQABAAABAQCTdTov/Uvdt5pLbxW10UN+MUOKKj3VeJUZaTetC2aZRtZS3mzEwxfXj9iVuJImNqmeeqF5xrnnL1kuFAXFY46ILYohDf4SRE8hMZOV0pjjcsLI8PchAHdURLgXDhH4G0ZBeGrtBcE0E0sEZEgRkwrHHOl8FDB8YeNazaX4LfdFd/6ofTRzgCR4RJAxRBCp0ynxUcpQXhjxoR5x2/geK6piqJR+nnxDPlut/ggeX1z4w9niuELDtCuoU4lBnYlLjWUub6xX98MHDTHwh2jwxj1N0+Cj7hP1WDhUNpjx41z34r4eDnLC1hVdoR5zEI6UcgXMSBLyDG/TJlXTZJrnKTfh\n",
            "public_key_pem": "-----BEGIN PUBLIC KEY-----\nMIIBIjANBgkqhkiG9w0BAQEFAAOCAQ8AMIIBCgKCAQEAk3U6L/1L3beaS28VtdFD\nfjFDiio91XiVGWk3rQtmmUbWUt5sxMMX14/YlbiSJjapnnqheca55y9ZLhQFxWOO\niC2KIQ3+EkRPITGTldKY43LCyPD3IQB3VES4Fw4R+BtGQXhq7QXBNBNLBGRIEZMK\nxxzpfBQwfGHjWs2l+C33RXf+qH00c4AkeESQMUQQqdMp8VHKUF4Y8aEecdv4Hiuq\nYqiUfp58Qz5brf4IHl9c+MPZ4rhCw7QrqFOJQZ2JS41lLm+sV/fDBw0x8Ido8MY9\nTdPgo+4T9Vg4VDaY8eNc9+K+Hg5ywtYVXaEecxCOlHIFzEgS8gxv0yZV02Sa5yk3\n4QIDAQAB\n-----END PUBLIC KEY-----\n",
            "rsa_bits": 2048
          },
          "sensitive_attributes": [
            [
              {
                "type": "get_attr",
                "value": "private_key_openssh"
              }
            ],
            [
              {
                "type": "get_attr",
                "value": "private_key_pem"
              }
            ],
            [
              {
                "type": "get_attr",
                "value": "private_key_pem_pkcs8"
              }
            ]
          ],
          "identity_schema_version": 0
        }
      ]
    },
    {
      "mode": "managed",
      "type": "tls_self_signed_cert",
      "name": "cert",
      "provider": "provider[\"registry.terraform.io/hashicorp/tls\"]",
      "instances": [
        {
          "schema_version": 0,
          "attributes": {
            "allowed_uses": [
              "key_encipherment",
              "digital_signature",
              "server_auth"
            ],
            "cert_pem": "-----BEGIN CERTIFICATE-----\nMIIDHDCCAgSgAwIBAgIQdUTrYIlsa97P69ufB/tldDANBgkqhkiG9w0BAQsFADAj\nMQwwCgYDVQQKEwNMYWIxEzARBgNVBAMTCmdpdGxhYi5sYWIwHhcNMjUwNTI0MTMz\nMzE4WhcNMjYwNTI0MTMzMzE4WjAjMQwwCgYDVQQKEwNMYWIxEzARBgNVBAMTCmdp\ndGxhYi5sYWIwggEiMA0GCSqGSIb3DQEBAQUAA4IBDwAwggEKAoIBAQCTdTov/Uvd\nt5pLbxW10UN+MUOKKj3VeJUZaTetC2aZRtZS3mzEwxfXj9iVuJImNqmeeqF5xrnn\nL1kuFAXFY46ILYohDf4SRE8hMZOV0pjjcsLI8PchAHdURLgXDhH4G0ZBeGrtBcE0\nE0sEZEgRkwrHHOl8FDB8YeNazaX4LfdFd/6ofTRzgCR4RJAxRBCp0ynxUcpQXhjx\noR5x2/geK6piqJR+nnxDPlut/ggeX1z4w9niuELDtCuoU4lBnYlLjWUub6xX98MH\nDTHwh2jwxj1N0+Cj7hP1WDhUNpjx41z34r4eDnLC1hVdoR5zEI6UcgXMSBLyDG/T\nJlXTZJrnKTfhAgMBAAGjTDBKMA4GA1UdDwEB/wQEAwIFoDATBgNVHSUEDDAKBggr\nBgEFBQcDATAMBgNVHRMBAf8EAjAAMBUGA1UdEQQOMAyCCmdpdGxhYi5sYWIwDQYJ\nKoZIhvcNAQELBQADggEBAF5XxSkBfS1pCCTRS/KXdSzmGiNJ0YI+3/2LMqyPhr4W\nFGmCzRRTc/gmQEl5MiOSjFlv1DNTFGjtteLTtx6AcDWSdN9W/4QKa5YhohBsS/1z\nGgrOy1Z1B1zKu3PEcXRxZcbqnGGqIz7Rtc/GltDleHvAdOD7BrhfuwyAoRYB6O4L\nonumn3m/P359dtAa/AtVsfzOpjXwOApZVfiJOH9wp6gdTq1ndbx1yBkcaZoDtUV4\noTgldbu2QZKQY62IlKQhkQK3OmQH0AgUJghTEgSPPt8E5YVMi3HbP+qg3o1cFs6r\nsEwjVduHFkf/Qb4kVrxkiEtG7Qumd97dr75srcP/kq8=\n-----END CERTIFICATE-----\n",
            "dns_names": [
              "gitlab.lab"
            ],
            "early_renewal_hours": 0,
            "id": "155877525707906504657827352230638609780",
            "ip_addresses": null,
            "is_ca_certificate": false,
            "key_algorithm": "RSA",
            "private_key_pem": "-----BEGIN RSA PRIVATE KEY-----\nMIIEpQIBAAKCAQEAk3U6L/1L3beaS28VtdFDfjFDiio91XiVGWk3rQtmmUbWUt5s\nxMMX14/YlbiSJjapnnqheca55y9ZLhQFxWOOiC2KIQ3+EkRPITGTldKY43LCyPD3\nIQB3VES4Fw4R+BtGQXhq7QXBNBNLBGRIEZMKxxzpfBQwfGHjWs2l+C33RXf+qH00\nc4AkeESQMUQQqdMp8VHKUF4Y8aEecdv4HiuqYqiUfp58Qz5brf4IHl9c+MPZ4rhC\nw7QrqFOJQZ2JS41lLm+sV/fDBw0x8Ido8MY9TdPgo+4T9Vg4VDaY8eNc9+K+Hg5y\nwtYVXaEecxCOlHIFzEgS8gxv0yZV02Sa5yk34QIDAQABAoIBABFZ9UGh4OxDV1bi\niK+3IuXFxsCKlXGZ6ZOOp8RHR+in5v7j2PEzUsolDVOa3ym7e2ygWgFyIryDPA95\nwC8YtrQsBam7k4bTPmt1wbvaxu5Wufh6sF3UB/akynO+Dlu/W95G3PAsoe4uigCH\ni1p0DsvcyVW2K3lrbF0qP0oroIHuPdDhlTB3J35rIdfS9YyO9iHn4LMJqL281yjH\nAd1MuGfN41mYlzB9ajFe9a235c2OfwuHIMOHNo1/2m2cm4PKLRh8NB5VQBqzElF5\naK8YvuN20Hwt7n8Y8ON8kqJOhOtldLhhjh1WHCOFlUo0X7uOzzM/VEoTyaKpqsh2\nSv3Z0NECgYEAwBTYfhtNsIPHz5Pl14sUINzN8DeytNrOL/vzr5iqdXJzSUskD7/e\nsyF4WQ7lZNTry4SP9YUqVg1Jvh13EhgiQYUuy7Wb4U6xxJkWHanL2MsEF9IE65fe\n872c/Nxk4ecb3vjAkGPfWxa66GZGB1SaUHhDJsyynMKjZFF4R18fwUkCgYEAxIb3\nQqVu2KcpP0rfwA2of03caEcukpvOB7opSwriQc8tNrP5VvU7mfMic2SSdYGwDSwE\nbHXE6ZdGC/2u31tlmW9/ttjwCbkdZC2MwjGcRhztFOn2z+FFx/9X4r7wPpoFneEa\nHXau6KGEadOJ/SfoJf5uL6Dc2cexsY8qdm6sWdkCgYEAk4svpOaKLa18PTnJEmFV\nq8yQMBZIol10hi1NyTNGtIKehc0/PQ3QHd7218n2cRaQrTr9bcXFeGYqn+t4PCDn\np1aLVJUC0PWm3XIOJ+j2mWeQlE+R0fpNmwKqZR1SLKheo06GdCMTPZ/fIIb3Ach9\n5JQMWPBhvsJPyc4+yuwJs2kCgYEAneOAyv5164GA1eSllnpioMRBC1YEyKx7/iFG\nA5Ae7pgvzv8Qlxg2Zhy71NE8CUPD2RFADJMhPDnYgNGyqKeZHIhDpvbrAiTCxDUE\nHRAWaQ3cOy0sqR5nHaK7TOPxx5meYZTzkjBDnYoGA6978PMaw0uB4qnuRNj2nZxT\nlQqdVSECgYEAuD/Pnzl/QI/Zxn1nETGaB8tcmIXQDlClG2Yd8UgiU14zoInVXKL4\n7VArGV+dKrCukI1jre21cf/qcs2g9G/NAlkHwVBa2gvV6QsVwDyLB3lxOoxamACL\np4atechhtuTFF+xxw+bcegftAOZWi3JYiRZ06UxsURxmXli/R3FmPEQ=\n-----END RSA PRIVATE KEY-----\n",
            "ready_for_renewal": false,
            "set_authority_key_id": false,
            "set_subject_key_id": false,
            "subject": [
              {
                "common_name": "gitlab.lab",
                "country": null,
                "email_address": null,
                "locality": null,
                "organization": "Lab",
                "organizational_unit": null,
                "postal_code": null,
                "province": null,
                "serial_number": null,
                "street_address": null
              }
            ],
            "uris": null,
            "validity_end_time": "2026-05-24T15:33:18.850838003+02:00",
            "validity_period_hours": 8760,
            "validity_start_time": "2025-05-24T15:33:18.850838003+02:00"
          },
          "sensitive_attributes": [
            [
              {
                "type": "get_attr",
                "value": "private_key_pem"
              }
            ]
          ],
          "identity_schema_version": 0,
          "dependencies": [
            "tls_private_key.key_nginx"
          ]
        }
      ]
    }
  ],
  "check_results": null
}
